
Microsoft Visual Studio Solution File, Format Version 12.00
# Visual Studio Version 17
VisualStudioVersion = 17.0.32112.339
MinimumVisualStudioVersion = 10.0.40219.1
Project("{888888A0-9F3D-457C-B088-3A5042F75D52}") = "HW1", "HW1\HW1.pyproj", "{260CB6D7-DDD5-4C7E-A4AE-658D56192783}"
EndProject
Global
	GlobalSection(SolutionConfigurationPlatforms) = preSolution
		Debug|Any CPU = Debug|Any CPU
		Release|Any CPU = Release|Any CPU
	EndGlobalSection
	GlobalSection(ProjectConfigurationPlatforms) = postSolution
		{260CB6D7-DDD5-4C7E-A4AE-658D56192783}.Debug|Any CPU.ActiveCfg = Debug|Any CPU
		{260CB6D7-DDD5-4C7E-A4AE-658D56192783}.Release|Any CPU.ActiveCfg = Release|Any CPU
	EndGlobalSection
	GlobalSection(SolutionProperties) = preSolution
		HideSolutionNode = FALSE
	EndGlobalSection
	GlobalSection(ExtensibilityGlobals) = postSolution
		SolutionGuid = {1DBEDDD4-E16F-4E6C-BB00-2DB20B1EEA0E}
	EndGlobalSection
EndGlobal
